
Microsoft Visual Studio Solution File, Format Version 12.00
# Visual Studio Version 16
VisualStudioVersion = 16.0.31205.134
MinimumVisualStudioVersion = 10.0.40219.1
Project("{F14B399A-7131-4C87-9E4B-1186C45EF12D}") = "Report Project2", "Report Project2\Report Project2.rptproj", "{3593DA7C-773B-4405-AB07-338463607896}"
EndProject
Global
	GlobalSection(SolutionConfigurationPlatforms) = preSolution
		Debug|Default = Debug|Default
		DebugLocal|Default = DebugLocal|Default
		Release|Default = Release|Default
	EndGlobalSection
	GlobalSection(ProjectConfigurationPlatforms) = postSolution
		{3593DA7C-773B-4405-AB07-338463607896}.Debug|Default.ActiveCfg = Debug
		{3593DA7C-773B-4405-AB07-338463607896}.Debug|Default.Build.0 = Debug
		{3593DA7C-773B-4405-AB07-338463607896}.Debug|Default.Deploy.0 = Debug
		{3593DA7C-773B-4405-AB07-338463607896}.DebugLocal|Default.ActiveCfg = DebugLocal
		{3593DA7C-773B-4405-AB07-338463607896}.DebugLocal|Default.Build.0 = DebugLocal
		{3593DA7C-773B-4405-AB07-338463607896}.Release|Default.ActiveCfg = Release
		{3593DA7C-773B-4405-AB07-338463607896}.Release|Default.Build.0 = Release
		{3593DA7C-773B-4405-AB07-338463607896}.Release|Default.Deploy.0 = Release
	EndGlobalSection
	GlobalSection(SolutionProperties) = preSolution
		HideSolutionNode = FALSE
	EndGlobalSection
	GlobalSection(ExtensibilityGlobals) = postSolution
		SolutionGuid = {47D99F5B-FE7C-4F5D-8C35-DF264947A88B}
	EndGlobalSection
EndGlobal
